
Microsoft Visual Studio Solution File, Format Version 12.00
# Visual Studio 15
Project("{FAE04EC0-301F-11D3-BF4B-00C04F79EFBC}") = "OZDVidPlay.Android", "OZDVidPlay.Android\OZDVidPlay.Android.csproj", "{0ABD272D-8FB0-46D5-9D04-72ED138CCCEC}"
EndProject
Project("{FAE04EC0-301F-11D3-BF4B-00C04F79EFBC}") = "OZDVidPlay.iOS", "OZDVidPlay.iOS\OZDVidPlay.iOS.csproj", "{9891CB84-91BC-4CC7-B632-071C9AA1EC77}"
EndProject
Project("{FAE04EC0-301F-11D3-BF4B-00C04F79EFBC}") = "OZDVidPlay.UITests", "OZDVidPlay.UITests\OZDVidPlay.UITests.csproj", "{B19C892E-2628-4CA7-AD27-08D406A3B14B}"
EndProject
Project("{FAE04EC0-301F-11D3-BF4B-00C04F79EFBC}") = "OZDVidPlay", "OZDVidPlay\OZDVidPlay.csproj", "{D837752A-9D3A-4D0C-9ACE-291F15575261}"
EndProject
Global
	GlobalSection(SolutionConfigurationPlatforms) = preSolution
		Debug|Any CPU = Debug|Any CPU
		Release|Any CPU = Release|Any CPU
		Debug|iPhoneSimulator = Debug|iPhoneSimulator
		Release|iPhoneSimulator = Release|iPhoneSimulator
		Debug|iPhone = Debug|iPhone
		Release|iPhone = Release|iPhone
		Ad-Hoc|iPhone = Ad-Hoc|iPhone
		AppStore|iPhone = AppStore|iPhone
	EndGlobalSection
	GlobalSection(ProjectConfigurationPlatforms) = postSolution
		{0ABD272D-8FB0-46D5-9D04-72ED138CCCEC}.Debug|Any CPU.ActiveCfg = Debug|Any CPU
		{0ABD272D-8FB0-46D5-9D04-72ED138CCCEC}.Debug|Any CPU.Build.0 = Debug|Any CPU
		{0ABD272D-8FB0-46D5-9D04-72ED138CCCEC}.Release|Any CPU.ActiveCfg = Release|Any CPU
		{0ABD272D-8FB0-46D5-9D04-72ED138CCCEC}.Release|Any CPU.Build.0 = Release|Any CPU
		{0ABD272D-8FB0-46D5-9D04-72ED138CCCEC}.Debug|iPhoneSimulator.ActiveCfg = Debug|Any CPU
		{0ABD272D-8FB0-46D5-9D04-72ED138CCCEC}.Debug|iPhoneSimulator.Build.0 = Debug|Any CPU
		{0ABD272D-8FB0-46D5-9D04-72ED138CCCEC}.Release|iPhoneSimulator.ActiveCfg = Release|Any CPU
		{0ABD272D-8FB0-46D5-9D04-72ED138CCCEC}.Release|iPhoneSimulator.Build.0 = Release|Any CPU
		{0ABD272D-8FB0-46D5-9D04-72ED138CCCEC}.Debug|iPhone.ActiveCfg = Debug|Any CPU
		{0ABD272D-8FB0-46D5-9D04-72ED138CCCEC}.Debug|iPhone.Build.0 = Debug|Any CPU
		{0ABD272D-8FB0-46D5-9D04-72ED138CCCEC}.Release|iPhone.ActiveCfg = Release|Any CPU
		{0ABD272D-8FB0-46D5-9D04-72ED138CCCEC}.Release|iPhone.Build.0 = Release|Any CPU
		{0ABD272D-8FB0-46D5-9D04-72ED138CCCEC}.Ad-Hoc|iPhone.ActiveCfg = Debug|Any CPU
		{0ABD272D-8FB0-46D5-9D04-72ED138CCCEC}.Ad-Hoc|iPhone.Build.0 = Debug|Any CPU
		{0ABD272D-8FB0-46D5-9D04-72ED138CCCEC}.AppStore|iPhone.ActiveCfg = Debug|Any CPU
		{0ABD272D-8FB0-46D5-9D04-72ED138CCCEC}.AppStore|iPhone.Build.0 = Debug|Any CPU
		{9891CB84-91BC-4CC7-B632-071C9AA1EC77}.Debug|Any CPU.ActiveCfg = Debug|iPhoneSimulator
		{9891CB84-91BC-4CC7-B632-071C9AA1EC77}.Debug|Any CPU.Build.0 = Debug|iPhoneSimulator
		{9891CB84-91BC-4CC7-B632-071C9AA1EC77}.Release|Any CPU.ActiveCfg = Release|iPhoneSimulator
		{9891CB84-91BC-4CC7-B632-071C9AA1EC77}.Release|Any CPU.Build.0 = Release|iPhoneSimulator
		{9891CB84-91BC-4CC7-B632-071C9AA1EC77}.Debug|iPhoneSimulator.ActiveCfg = Debug|iPhoneSimulator
		{9891CB84-91BC-4CC7-B632-071C9AA1EC77}.Debug|iPhoneSimulator.Build.0 = Debug|iPhoneSimulator
		{9891CB84-91BC-4CC7-B632-071C9AA1EC77}.Release|iPhoneSimulator.ActiveCfg = Release|iPhoneSimulator
		{9891CB84-91BC-4CC7-B632-071C9AA1EC77}.Release|iPhoneSimulator.Build.0 = Release|iPhoneSimulator
		{9891CB84-91BC-4CC7-B632-071C9AA1EC77}.Debug|iPhone.ActiveCfg = Debug|iPhone
		{9891CB84-91BC-4CC7-B632-071C9AA1EC77}.Debug|iPhone.Build.0 = Debug|iPhone
		{9891CB84-91BC-4CC7-B632-071C9AA1EC77}.Release|iPhone.ActiveCfg = Release|iPhone
		{9891CB84-91BC-4CC7-B632-071C9AA1EC77}.Release|iPhone.Build.0 = Release|iPhone
		{9891CB84-91BC-4CC7-B632-071C9AA1EC77}.Ad-Hoc|iPhone.ActiveCfg = Ad-Hoc|iPhone
		{9891CB84-91BC-4CC7-B632-071C9AA1EC77}.Ad-Hoc|iPhone.Build.0 = Ad-Hoc|iPhone
		{9891CB84-91BC-4CC7-B632-071C9AA1EC77}.AppStore|iPhone.ActiveCfg = AppStore|iPhone
		{9891CB84-91BC-4CC7-B632-071C9AA1EC77}.AppStore|iPhone.Build.0 = AppStore|iPhone
		{B19C892E-2628-4CA7-AD27-08D406A3B14B}.Debug|Any CPU.ActiveCfg = Debug|Any CPU
		{B19C892E-2628-4CA7-AD27-08D406A3B14B}.Debug|Any CPU.Build.0 = Debug|Any CPU
		{B19C892E-2628-4CA7-AD27-08D406A3B14B}.Release|Any CPU.ActiveCfg = Release|Any CPU
		{B19C892E-2628-4CA7-AD27-08D406A3B14B}.Release|Any CPU.Build.0 = Release|Any CPU
		{B19C892E-2628-4CA7-AD27-08D406A3B14B}.Debug|iPhoneSimulator.ActiveCfg = Debug|Any CPU
		{B19C892E-2628-4CA7-AD27-08D406A3B14B}.Debug|iPhoneSimulator.Build.0 = Debug|Any CPU
		{B19C892E-2628-4CA7-AD27-08D406A3B14B}.Release|iPhoneSimulator.ActiveCfg = Release|Any CPU
		{B19C892E-2628-4CA7-AD27-08D406A3B14B}.Release|iPhoneSimulator.Build.0 = Release|Any CPU
		{B19C892E-2628-4CA7-AD27-08D406A3B14B}.Debug|iPhone.ActiveCfg = Debug|Any CPU
		{B19C892E-2628-4CA7-AD27-08D406A3B14B}.Debug|iPhone.Build.0 = Debug|Any CPU
		{B19C892E-2628-4CA7-AD27-08D406A3B14B}.Release|iPhone.ActiveCfg = Release|Any CPU
		{B19C892E-2628-4CA7-AD27-08D406A3B14B}.Release|iPhone.Build.0 = Release|Any CPU
		{B19C892E-2628-4CA7-AD27-08D406A3B14B}.Ad-Hoc|iPhone.ActiveCfg = Debug|Any CPU
		{B19C892E-2628-4CA7-AD27-08D406A3B14B}.Ad-Hoc|iPhone.Build.0 = Debug|Any CPU
		{B19C892E-2628-4CA7-AD27-08D406A3B14B}.AppStore|iPhone.ActiveCfg = Debug|Any CPU
		{B19C892E-2628-4CA7-AD27-08D406A3B14B}.AppStore|iPhone.Build.0 = Debug|Any CPU
		{D837752A-9D3A-4D0C-9ACE-291F15575261}.Debug|Any CPU.ActiveCfg = Debug|Any CPU
		{D837752A-9D3A-4D0C-9ACE-291F15575261}.Debug|Any CPU.Build.0 = Debug|Any CPU
		{D837752A-9D3A-4D0C-9ACE-291F15575261}.Release|Any CPU.ActiveCfg = Release|Any CPU
		{D837752A-9D3A-4D0C-9ACE-291F15575261}.Release|Any CPU.Build.0 = Release|Any CPU
		{D837752A-9D3A-4D0C-9ACE-291F15575261}.Debug|iPhoneSimulator.ActiveCfg = Debug|Any CPU
		{D837752A-9D3A-4D0C-9ACE-291F15575261}.Debug|iPhoneSimulator.Build.0 = Debug|Any CPU
		{D837752A-9D3A-4D0C-9ACE-291F15575261}.Release|iPhoneSimulator.ActiveCfg = Release|Any CPU
		{D837752A-9D3A-4D0C-9ACE-291F15575261}.Release|iPhoneSimulator.Build.0 = Release|Any CPU
		{D837752A-9D3A-4D0C-9ACE-291F15575261}.Debug|iPhone.ActiveCfg = Debug|Any CPU
		{D837752A-9D3A-4D0C-9ACE-291F15575261}.Debug|iPhone.Build.0 = Debug|Any CPU
		{D837752A-9D3A-4D0C-9ACE-291F15575261}.Release|iPhone.ActiveCfg = Release|Any CPU
		{D837752A-9D3A-4D0C-9ACE-291F15575261}.Release|iPhone.Build.0 = Release|Any CPU
		{D837752A-9D3A-4D0C-9ACE-291F15575261}.Ad-Hoc|iPhone.ActiveCfg = Debug|Any CPU
		{D837752A-9D3A-4D0C-9ACE-291F15575261}.Ad-Hoc|iPhone.Build.0 = Debug|Any CPU
		{D837752A-9D3A-4D0C-9ACE-291F15575261}.AppStore|iPhone.ActiveCfg = Debug|Any CPU
		{D837752A-9D3A-4D0C-9ACE-291F15575261}.AppStore|iPhone.Build.0 = Debug|Any CPU
	EndGlobalSection
EndGlobal
